
Microsoft Visual Studio Solution File, Format Version 12.00
# Visual Studio Version 17
VisualStudioVersion = 17.14.36511.14 d17.14
MinimumVisualStudioVersion = 10.0.40219.1
Project("{FAE04EC0-301F-11D3-BF4B-00C04F79EFBC}") = "E_commerce Api", "E_commerce Api.csproj", "{9CE6E90A-89F1-4101-B001-9EDEBC1B2302}"
EndProject
Global
	GlobalSection(SolutionConfigurationPlatforms) = preSolution
		Debug|Any CPU = Debug|Any CPU
		Release|Any CPU = Release|Any CPU
	EndGlobalSection
	GlobalSection(ProjectConfigurationPlatforms) = postSolution
		{9CE6E90A-89F1-4101-B001-9EDEBC1B2302}.Debug|Any CPU.ActiveCfg = Debug|Any CPU
		{9CE6E90A-89F1-4101-B001-9EDEBC1B2302}.Debug|Any CPU.Build.0 = Debug|Any CPU
		{9CE6E90A-89F1-4101-B001-9EDEBC1B2302}.Release|Any CPU.ActiveCfg = Release|Any CPU
		{9CE6E90A-89F1-4101-B001-9EDEBC1B2302}.Release|Any CPU.Build.0 = Release|Any CPU
	EndGlobalSection
	GlobalSection(SolutionProperties) = preSolution
		HideSolutionNode = FALSE
	EndGlobalSection
	GlobalSection(ExtensibilityGlobals) = postSolution
		SolutionGuid = {C6D129EC-74FC-49B7-88D7-9AF40B0EB4A6}
	EndGlobalSection
EndGlobal
